
Microsoft Visual Studio Solution File, Format Version 12.00
# Visual Studio Version 17
VisualStudioVersion = 17.7.34018.315
MinimumVisualStudioVersion = 10.0.40219.1
Project("{2150E333-8FDC-42A3-9474-1A3956D46DE8}") = "1. NuGET", "1. NuGET", "{48215D9D-FBBB-4CEE-AAC9-4CB5AFA9CF43}"
EndProject
Project("{2150E333-8FDC-42A3-9474-1A3956D46DE8}") = "2. Tests", "2. Tests", "{F3219C8A-B137-4128-83BF-D1596AE37657}"
EndProject
Project("{FAE04EC0-301F-11D3-BF4B-00C04F79EFBC}") = "BanlistBlitz", "src\BanlistBlitz\BanlistBlitz.csproj", "{8488D3CB-6CA0-440A-A40D-C018E2631D90}"
EndProject
Project("{FAE04EC0-301F-11D3-BF4B-00C04F79EFBC}") = "BanlistBlitz.Integration.Tests", "tests\BanlistBlitz.Integration.Tests\BanlistBlitz.Integration.Tests.csproj", "{4ABF7603-B999-43E3-815F-0ABAB426C3FD}"
EndProject
Global
	GlobalSection(SolutionConfigurationPlatforms) = preSolution
		Debug|Any CPU = Debug|Any CPU
		Release|Any CPU = Release|Any CPU
	EndGlobalSection
	GlobalSection(ProjectConfigurationPlatforms) = postSolution
		{8488D3CB-6CA0-440A-A40D-C018E2631D90}.Debug|Any CPU.ActiveCfg = Debug|Any CPU
		{8488D3CB-6CA0-440A-A40D-C018E2631D90}.Debug|Any CPU.Build.0 = Debug|Any CPU
		{8488D3CB-6CA0-440A-A40D-C018E2631D90}.Release|Any CPU.ActiveCfg = Release|Any CPU
		{8488D3CB-6CA0-440A-A40D-C018E2631D90}.Release|Any CPU.Build.0 = Release|Any CPU
		{4ABF7603-B999-43E3-815F-0ABAB426C3FD}.Debug|Any CPU.ActiveCfg = Debug|Any CPU
		{4ABF7603-B999-43E3-815F-0ABAB426C3FD}.Debug|Any CPU.Build.0 = Debug|Any CPU
		{4ABF7603-B999-43E3-815F-0ABAB426C3FD}.Release|Any CPU.ActiveCfg = Release|Any CPU
		{4ABF7603-B999-43E3-815F-0ABAB426C3FD}.Release|Any CPU.Build.0 = Release|Any CPU
	EndGlobalSection
	GlobalSection(SolutionProperties) = preSolution
		HideSolutionNode = FALSE
	EndGlobalSection
	GlobalSection(NestedProjects) = preSolution
		{8488D3CB-6CA0-440A-A40D-C018E2631D90} = {48215D9D-FBBB-4CEE-AAC9-4CB5AFA9CF43}
		{4ABF7603-B999-43E3-815F-0ABAB426C3FD} = {F3219C8A-B137-4128-83BF-D1596AE37657}
	EndGlobalSection
	GlobalSection(ExtensibilityGlobals) = postSolution
		SolutionGuid = {696562FE-17D6-4F83-9C95-982120237357}
	EndGlobalSection
EndGlobal
