
Microsoft Visual Studio Solution File, Format Version 12.00
# Visual Studio Version 17
VisualStudioVersion = 17.7.34018.315
MinimumVisualStudioVersion = 10.0.40219.1
Project("{2150E333-8FDC-42A3-9474-1A3956D46DE8}") = "1. NuGET", "1. NuGET", "{48215D9D-FBBB-4CEE-AAC9-4CB5AFA9CF43}"
EndProject
Project("{2150E333-8FDC-42A3-9474-1A3956D46DE8}") = "2. Tests", "2. Tests", "{F3219C8A-B137-4128-83BF-D1596AE37657}"
EndProject
Project("{FAE04EC0-301F-11D3-BF4B-00C04F79EFBC}") = "BanlistBlitz", "BanlistBlitz.csproj", "{12F4E6F4-E135-417A-A06E-0E4084D62039}"
EndProject
Global
	GlobalSection(SolutionConfigurationPlatforms) = preSolution
		Debug|Any CPU = Debug|Any CPU
		Release|Any CPU = Release|Any CPU
	EndGlobalSection
	GlobalSection(ProjectConfigurationPlatforms) = postSolution
		{12F4E6F4-E135-417A-A06E-0E4084D62039}.Debug|Any CPU.ActiveCfg = Debug|Any CPU
		{12F4E6F4-E135-417A-A06E-0E4084D62039}.Debug|Any CPU.Build.0 = Debug|Any CPU
		{12F4E6F4-E135-417A-A06E-0E4084D62039}.Release|Any CPU.ActiveCfg = Release|Any CPU
		{12F4E6F4-E135-417A-A06E-0E4084D62039}.Release|Any CPU.Build.0 = Release|Any CPU
	EndGlobalSection
	GlobalSection(SolutionProperties) = preSolution
		HideSolutionNode = FALSE
	EndGlobalSection
	GlobalSection(NestedProjects) = preSolution
		{12F4E6F4-E135-417A-A06E-0E4084D62039} = {48215D9D-FBBB-4CEE-AAC9-4CB5AFA9CF43}
	EndGlobalSection
	GlobalSection(ExtensibilityGlobals) = postSolution
		SolutionGuid = {696562FE-17D6-4F83-9C95-982120237357}
	EndGlobalSection
EndGlobal
